
Microsoft Visual Studio Solution File, Format Version 12.00
<<<<<<< HEAD
# Visual Studio Version 16
VisualStudioVersion = 16.0.28803.202
=======
# Visual Studio 14
VisualStudioVersion = 14.0.25420.1
>>>>>>> 5ffff7764239684bec8add97a4037fbbe369da7c
MinimumVisualStudioVersion = 10.0.40219.1
Project("{FAE04EC0-301F-11D3-BF4B-00C04F79EFBC}") = "MEP_Intersect", "MEP_Intersect\MEP_Intersect.csproj", "{E2AB3344-878C-4977-95CA-661DFC0A2D2C}"
EndProject
<<<<<<< HEAD
<<<<<<< HEAD
Project("{FAE04EC0-301F-11D3-BF4B-00C04F79EFBC}") = "ControlRebarNumbering", "ControlRebarNumbering\ControlRebarNumbering.csproj", "{6FE8E073-3B84-48B4-8457-5D7BDF2F45B6}"
=======
Project("{FAE04EC0-301F-11D3-BF4B-00C04F79EFBC}") = "BeamSection", "BeamSection\BeamSection.csproj", "{9323E4F3-E032-437E-91FD-52550A3F1864}"
>>>>>>> 5ffff7764239684bec8add97a4037fbbe369da7c
=======
Project("{FAE04EC0-301F-11D3-BF4B-00C04F79EFBC}") = "RebarImage", "RebarImage\RebarImage.csproj", "{A120DA99-C670-4E38-9290-1FC3798E4EF9}"
>>>>>>> 603a7d9602192a8ad3d7a0b17875b366c6b0b94c
EndProject
Global
	GlobalSection(SolutionConfigurationPlatforms) = preSolution
		Debug|Any CPU = Debug|Any CPU
		Release|Any CPU = Release|Any CPU
	EndGlobalSection
	GlobalSection(ProjectConfigurationPlatforms) = postSolution
		{E2AB3344-878C-4977-95CA-661DFC0A2D2C}.Debug|Any CPU.ActiveCfg = Debug|Any CPU
		{E2AB3344-878C-4977-95CA-661DFC0A2D2C}.Release|Any CPU.ActiveCfg = Release|Any CPU
		{E2AB3344-878C-4977-95CA-661DFC0A2D2C}.Release|Any CPU.Build.0 = Release|Any CPU
<<<<<<< HEAD
<<<<<<< HEAD
		{6FE8E073-3B84-48B4-8457-5D7BDF2F45B6}.Debug|Any CPU.ActiveCfg = Debug|Any CPU
		{6FE8E073-3B84-48B4-8457-5D7BDF2F45B6}.Debug|Any CPU.Build.0 = Debug|Any CPU
		{6FE8E073-3B84-48B4-8457-5D7BDF2F45B6}.Release|Any CPU.ActiveCfg = Release|Any CPU
		{6FE8E073-3B84-48B4-8457-5D7BDF2F45B6}.Release|Any CPU.Build.0 = Release|Any CPU
=======
		{9323E4F3-E032-437E-91FD-52550A3F1864}.Debug|Any CPU.ActiveCfg = Debug|Any CPU
		{9323E4F3-E032-437E-91FD-52550A3F1864}.Debug|Any CPU.Build.0 = Debug|Any CPU
		{9323E4F3-E032-437E-91FD-52550A3F1864}.Release|Any CPU.ActiveCfg = Release|Any CPU
		{9323E4F3-E032-437E-91FD-52550A3F1864}.Release|Any CPU.Build.0 = Release|Any CPU
>>>>>>> 5ffff7764239684bec8add97a4037fbbe369da7c
=======
		{A120DA99-C670-4E38-9290-1FC3798E4EF9}.Debug|Any CPU.ActiveCfg = Debug|Any CPU
		{A120DA99-C670-4E38-9290-1FC3798E4EF9}.Debug|Any CPU.Build.0 = Debug|Any CPU
		{A120DA99-C670-4E38-9290-1FC3798E4EF9}.Release|Any CPU.ActiveCfg = Release|Any CPU
		{A120DA99-C670-4E38-9290-1FC3798E4EF9}.Release|Any CPU.Build.0 = Release|Any CPU
>>>>>>> 603a7d9602192a8ad3d7a0b17875b366c6b0b94c
	EndGlobalSection
	GlobalSection(SolutionProperties) = preSolution
		HideSolutionNode = FALSE
	EndGlobalSection
	GlobalSection(ExtensibilityGlobals) = postSolution
		SolutionGuid = {7343D94F-59A5-4A0D-810A-7F450F782F69}
	EndGlobalSection
EndGlobal
