
Microsoft Visual Studio Solution File, Format Version 12.00
# Visual Studio 14
VisualStudioVersion = 14.0.25420.1
MinimumVisualStudioVersion = 10.0.40219.1
Project("{FAE04EC0-301F-11D3-BF4B-00C04F79EFBC}") = "MEP_Intersect", "MEP_Intersect\MEP_Intersect.csproj", "{E2AB3344-878C-4977-95CA-661DFC0A2D2C}"
EndProject
Project("{FAE04EC0-301F-11D3-BF4B-00C04F79EFBC}") = "BeamSection", "BeamSection\BeamSection.csproj", "{9323E4F3-E032-437E-91FD-52550A3F1864}"
EndProject
Global
	GlobalSection(SolutionConfigurationPlatforms) = preSolution
		Debug|Any CPU = Debug|Any CPU
		Release|Any CPU = Release|Any CPU
	EndGlobalSection
	GlobalSection(ProjectConfigurationPlatforms) = postSolution
		{E2AB3344-878C-4977-95CA-661DFC0A2D2C}.Debug|Any CPU.ActiveCfg = Debug|Any CPU
		{E2AB3344-878C-4977-95CA-661DFC0A2D2C}.Release|Any CPU.ActiveCfg = Release|Any CPU
		{E2AB3344-878C-4977-95CA-661DFC0A2D2C}.Release|Any CPU.Build.0 = Release|Any CPU
		{9323E4F3-E032-437E-91FD-52550A3F1864}.Debug|Any CPU.ActiveCfg = Debug|Any CPU
		{9323E4F3-E032-437E-91FD-52550A3F1864}.Debug|Any CPU.Build.0 = Debug|Any CPU
		{9323E4F3-E032-437E-91FD-52550A3F1864}.Release|Any CPU.ActiveCfg = Release|Any CPU
		{9323E4F3-E032-437E-91FD-52550A3F1864}.Release|Any CPU.Build.0 = Release|Any CPU
	EndGlobalSection
	GlobalSection(SolutionProperties) = preSolution
		HideSolutionNode = FALSE
	EndGlobalSection
	GlobalSection(ExtensibilityGlobals) = postSolution
		SolutionGuid = {7343D94F-59A5-4A0D-810A-7F450F782F69}
	EndGlobalSection
EndGlobal
